github.com/daulet/tokenizers v1.27.0 h1:MmFYAEDFz69s/nNQfHg59DWqHz3v94m99kEZ/JbL+s4=
github.com/daulet/tokenizers v1.27.0/go.mod h1:YjFY1o1HGMyWkQgbXJDghhvke/yFDp2vGdIO2hYs4MQ=
github.com/yalue/onnxruntime_go v1.31.0 h1:1ln4YW1SFOFfGJZXe3jNOb2JUSt+l2pEneZfV8HdtFA=
github.com/yalue/onnxruntime_go v1.31.0/go.mod h1:b4X26A8pekNb1ACJ58wAXgNKeUCGEAQ9dmACut9Sm/4=
